
Microsoft Visual Studio Solution File, Format Version 12.00
# Visual Studio Version 17
VisualStudioVersion = 17.11.35222.181
MinimumVisualStudioVersion = 10.0.40219.1
Project("{FAE04EC0-301F-11D3-BF4B-00C04F79EFBC}") = "Sistema en la nube", "Sistema en la nube\Sistema en la nube.csproj", "{74507F52-E04B-4C52-8135-4836012F8D8F}"
EndProject
Global
	GlobalSection(SolutionConfigurationPlatforms) = preSolution
		Debug|Any CPU = Debug|Any CPU
		Release|Any CPU = Release|Any CPU
	EndGlobalSection
	GlobalSection(ProjectConfigurationPlatforms) = postSolution
		{74507F52-E04B-4C52-8135-4836012F8D8F}.Debug|Any CPU.ActiveCfg = Debug|Any CPU
		{74507F52-E04B-4C52-8135-4836012F8D8F}.Debug|Any CPU.Build.0 = Debug|Any CPU
		{74507F52-E04B-4C52-8135-4836012F8D8F}.Release|Any CPU.ActiveCfg = Release|Any CPU
		{74507F52-E04B-4C52-8135-4836012F8D8F}.Release|Any CPU.Build.0 = Release|Any CPU
	EndGlobalSection
	GlobalSection(SolutionProperties) = preSolution
		HideSolutionNode = FALSE
	EndGlobalSection
	GlobalSection(ExtensibilityGlobals) = postSolution
		SolutionGuid = {E4541FA6-8F48-480E-B236-A7B1CE5B6453}
	EndGlobalSection
EndGlobal
